
Microsoft Visual Studio Solution File, Format Version 12.00
# Visual Studio Version 18
VisualStudioVersion = 18.1.11312.151 d18.0
MinimumVisualStudioVersion = 10.0.40219.1
Project("{FAE04EC0-301F-11D3-BF4B-00C04F79EFBC}") = "UnoGuiApp", "UnoGuiApp\UnoGuiApp.csproj", "{6F68ED4A-9963-3A69-2F14-36F11670DC4A}"
EndProject
Global
	GlobalSection(SolutionConfigurationPlatforms) = preSolution
		Debug|Any CPU = Debug|Any CPU
		Release|Any CPU = Release|Any CPU
	EndGlobalSection
	GlobalSection(ProjectConfigurationPlatforms) = postSolution
		{6F68ED4A-9963-3A69-2F14-36F11670DC4A}.Debug|Any CPU.ActiveCfg = Debug|Any CPU
		{6F68ED4A-9963-3A69-2F14-36F11670DC4A}.Debug|Any CPU.Build.0 = Debug|Any CPU
		{6F68ED4A-9963-3A69-2F14-36F11670DC4A}.Release|Any CPU.ActiveCfg = Release|Any CPU
		{6F68ED4A-9963-3A69-2F14-36F11670DC4A}.Release|Any CPU.Build.0 = Release|Any CPU
	EndGlobalSection
	GlobalSection(SolutionProperties) = preSolution
		HideSolutionNode = FALSE
	EndGlobalSection
	GlobalSection(ExtensibilityGlobals) = postSolution
		SolutionGuid = {687EB930-78BD-416F-9539-556E77164B81}
	EndGlobalSection
EndGlobal
