
Microsoft Visual Studio Solution File, Format Version 12.00
# Visual Studio Version 18
VisualStudioVersion = 18.1.11312.151 d18.0
MinimumVisualStudioVersion = 10.0.40219.1
Project("{FAE04EC0-301F-11D3-BF4B-00C04F79EFBC}") = "UnoGuiApp", "UnoGuiApp\UnoGuiApp.csproj", "{EA7F10B2-AD78-40AC-B1AA-59CC7E82FD26}"
EndProject
Project("{2150E333-8FDC-42A3-9474-1A3956D46DE8}") = "Solution Items", "Solution Items", "{F2609A16-C839-4586-8F77-0EA23A9E790E}"
	ProjectSection(SolutionItems) = preProject
		.gitignore = .gitignore
		Directory.Build.props = Directory.Build.props
		Directory.Build.targets = Directory.Build.targets
		Directory.Packages.props = Directory.Packages.props
		global.json = global.json
	EndProjectSection
EndProject
Global
	GlobalSection(SolutionConfigurationPlatforms) = preSolution
		Debug|Any CPU = Debug|Any CPU
		Release|Any CPU = Release|Any CPU
	EndGlobalSection
	GlobalSection(ProjectConfigurationPlatforms) = postSolution
		{EA7F10B2-AD78-40AC-B1AA-59CC7E82FD26}.Debug|Any CPU.ActiveCfg = Debug|Any CPU
		{EA7F10B2-AD78-40AC-B1AA-59CC7E82FD26}.Debug|Any CPU.Build.0 = Debug|Any CPU
		{EA7F10B2-AD78-40AC-B1AA-59CC7E82FD26}.Debug|Any CPU.Deploy.0 = Debug|Any CPU
		{EA7F10B2-AD78-40AC-B1AA-59CC7E82FD26}.Release|Any CPU.ActiveCfg = Release|Any CPU
		{EA7F10B2-AD78-40AC-B1AA-59CC7E82FD26}.Release|Any CPU.Build.0 = Release|Any CPU
		{EA7F10B2-AD78-40AC-B1AA-59CC7E82FD26}.Release|Any CPU.Deploy.0 = Release|Any CPU
	EndGlobalSection
	GlobalSection(SolutionProperties) = preSolution
		HideSolutionNode = FALSE
	EndGlobalSection
	GlobalSection(ExtensibilityGlobals) = postSolution
		SolutionGuid = {CCA0E0D0-7E80-42A6-9EE0-7DBDA01C77D6}
	EndGlobalSection
EndGlobal
