
Microsoft Visual Studio Solution File, Format Version 12.00
# Visual Studio Version 17
VisualStudioVersion = 17.1.32421.90
MinimumVisualStudioVersion = 10.0.40219.1
Project("{D954291E-2A0B-460D-934E-DC6B0785DB48}") = "UnoGuiApp.Shared", "UnoGuiApp\UnoGuiApp.Shared\UnoGuiApp.Shared.shproj", "{6279C845-92F8-4333-AB99-3D213163593C}"
EndProject
Project("{2150E333-8FDC-42A3-9474-1A3956D46DE8}") = "Platforms", "Platforms", "{957EE0A1-7DF3-43FC-A7C7-BC6645044A1A}"
EndProject
Project("{9A19103F-16F7-4668-BE54-9A1E7A4F7556}") = "UnoGuiApp.Skia.Gtk", "UnoGuiApp\UnoGuiApp.Skia.Gtk\UnoGuiApp.Skia.Gtk.csproj", "{A462F363-FAC3-47F8-806E-8E953B5F7203}"
EndProject
Project("{9A19103F-16F7-4668-BE54-9A1E7A4F7556}") = "UnoGuiApp.Windows", "UnoGuiApp\UnoGuiApp.Windows\UnoGuiApp.Windows.csproj", "{15394D99-CA0E-4DD8-9902-D0EEF0C153EA}"
EndProject
Global
	GlobalSection(SolutionConfigurationPlatforms) = preSolution
		Debug|Any CPU = Debug|Any CPU
		Release|Any CPU = Release|Any CPU
	EndGlobalSection
	GlobalSection(ProjectConfigurationPlatforms) = postSolution
		{A462F363-FAC3-47F8-806E-8E953B5F7203}.Debug|Any CPU.ActiveCfg = Debug|Any CPU
		{A462F363-FAC3-47F8-806E-8E953B5F7203}.Debug|Any CPU.Build.0 = Debug|Any CPU
		{A462F363-FAC3-47F8-806E-8E953B5F7203}.Release|Any CPU.ActiveCfg = Release|Any CPU
		{A462F363-FAC3-47F8-806E-8E953B5F7203}.Release|Any CPU.Build.0 = Release|Any CPU
		{15394D99-CA0E-4DD8-9902-D0EEF0C153EA}.Debug|Any CPU.ActiveCfg = Debug|x64
		{15394D99-CA0E-4DD8-9902-D0EEF0C153EA}.Debug|Any CPU.Build.0 = Debug|x64
		{15394D99-CA0E-4DD8-9902-D0EEF0C153EA}.Debug|Any CPU.Deploy.0 = Debug|x64
		{15394D99-CA0E-4DD8-9902-D0EEF0C153EA}.Release|Any CPU.ActiveCfg = Release|x64
		{15394D99-CA0E-4DD8-9902-D0EEF0C153EA}.Release|Any CPU.Build.0 = Release|x64
		{15394D99-CA0E-4DD8-9902-D0EEF0C153EA}.Release|Any CPU.Deploy.0 = Release|x64
	EndGlobalSection
	GlobalSection(SolutionProperties) = preSolution
		HideSolutionNode = FALSE
	EndGlobalSection
	GlobalSection(NestedProjects) = preSolution
		{A462F363-FAC3-47F8-806E-8E953B5F7203} = {957EE0A1-7DF3-43FC-A7C7-BC6645044A1A}
		{15394D99-CA0E-4DD8-9902-D0EEF0C153EA} = {957EE0A1-7DF3-43FC-A7C7-BC6645044A1A}
	EndGlobalSection
	GlobalSection(ExtensibilityGlobals) = postSolution
		SolutionGuid = {687EB930-78BD-416F-9539-556E77164B81}
	EndGlobalSection
	GlobalSection(SharedMSBuildProjectFiles) = preSolution
		UnoGuiApp\UnoGuiApp.Shared\UnoGuiApp.Shared.projitems*{15394d99-ca0e-4dd8-9902-d0eef0c153ea}*SharedItemsImports = 5
		UnoGuiApp\UnoGuiApp.Shared\UnoGuiApp.Shared.projitems*{6279c845-92f8-4333-ab99-3d213163593c}*SharedItemsImports = 13
		UnoGuiApp\UnoGuiApp.Shared\UnoGuiApp.Shared.projitems*{a462f363-fac3-47f8-806e-8e953b5f7203}*SharedItemsImports = 5
	EndGlobalSection
EndGlobal
