
Microsoft Visual Studio Solution File, Format Version 12.00
# Visual Studio Version 17
VisualStudioVersion = 17.1.32421.90
MinimumVisualStudioVersion = 10.0.40219.1
Project("{9A19103F-16F7-4668-BE54-9A1E7A4F7556}") = "WebAspSpa", "WebAspSpa\WebAspSpa.csproj", "{7FAE3C3D-539B-4EC4-8374-147438096BBC}"
EndProject
Project("{9A19103F-16F7-4668-BE54-9A1E7A4F7556}") = "WebRazor", "WebRazor\WebRazor.csproj", "{502F8596-E0FE-4C0C-A001-873F6028B0BC}"
EndProject
Project("{9A19103F-16F7-4668-BE54-9A1E7A4F7556}") = "WebBlazorServerApp", "WebBlazorServerApp\WebBlazorServerApp.csproj", "{535DBA66-0878-425C-865E-A2942178E003}"
EndProject
Project("{9A19103F-16F7-4668-BE54-9A1E7A4F7556}") = "WebRazorClassLibrary", "WebRazorClassLibrary\WebRazorClassLibrary.csproj", "{0042883C-F71A-4BDD-BC55-A83418E800B4}"
EndProject
Project("{9A19103F-16F7-4668-BE54-9A1E7A4F7556}") = "WebAspMvc", "WebAspMvc\WebAspMvc.csproj", "{CCC531D0-BBC2-4D39-80A7-C9DA1535AA93}"
EndProject
Project("{2150E333-8FDC-42A3-9474-1A3956D46DE8}") = "Apps", "Apps", "{58790B6B-5FD3-4BB4-ABC9-69F4895736B2}"
EndProject
Project("{2150E333-8FDC-42A3-9474-1A3956D46DE8}") = "Shared", "Shared", "{6C71BCA2-3741-4717-B11B-0ECFF6BCC1DC}"
EndProject
Project("{9A19103F-16F7-4668-BE54-9A1E7A4F7556}") = "WebBlazorWasmApp.Server", "WebBlazorWasmApp\Server\WebBlazorWasmApp.Server.csproj", "{1C9F0AE5-FF8F-4825-A060-12148C0E07F9}"
EndProject
Project("{9A19103F-16F7-4668-BE54-9A1E7A4F7556}") = "WebBlazorWasmApp.Client", "WebBlazorWasmApp\Client\WebBlazorWasmApp.Client.csproj", "{3F51C1A3-41AB-47B3-ACBA-BE5F19853570}"
EndProject
Project("{9A19103F-16F7-4668-BE54-9A1E7A4F7556}") = "WebBlazorWasmApp.Shared", "WebBlazorWasmApp\Shared\WebBlazorWasmApp.Shared.csproj", "{36153C91-6D1F-4B60-95A3-605AA3004269}"
EndProject
Global
	GlobalSection(SolutionConfigurationPlatforms) = preSolution
		Debug|Any CPU = Debug|Any CPU
		Release|Any CPU = Release|Any CPU
	EndGlobalSection
	GlobalSection(ProjectConfigurationPlatforms) = postSolution
		{7FAE3C3D-539B-4EC4-8374-147438096BBC}.Debug|Any CPU.ActiveCfg = Debug|Any CPU
		{7FAE3C3D-539B-4EC4-8374-147438096BBC}.Debug|Any CPU.Build.0 = Debug|Any CPU
		{7FAE3C3D-539B-4EC4-8374-147438096BBC}.Release|Any CPU.ActiveCfg = Release|Any CPU
		{7FAE3C3D-539B-4EC4-8374-147438096BBC}.Release|Any CPU.Build.0 = Release|Any CPU
		{502F8596-E0FE-4C0C-A001-873F6028B0BC}.Debug|Any CPU.ActiveCfg = Debug|Any CPU
		{502F8596-E0FE-4C0C-A001-873F6028B0BC}.Debug|Any CPU.Build.0 = Debug|Any CPU
		{502F8596-E0FE-4C0C-A001-873F6028B0BC}.Release|Any CPU.ActiveCfg = Release|Any CPU
		{502F8596-E0FE-4C0C-A001-873F6028B0BC}.Release|Any CPU.Build.0 = Release|Any CPU
		{535DBA66-0878-425C-865E-A2942178E003}.Debug|Any CPU.ActiveCfg = Debug|Any CPU
		{535DBA66-0878-425C-865E-A2942178E003}.Debug|Any CPU.Build.0 = Debug|Any CPU
		{535DBA66-0878-425C-865E-A2942178E003}.Release|Any CPU.ActiveCfg = Release|Any CPU
		{535DBA66-0878-425C-865E-A2942178E003}.Release|Any CPU.Build.0 = Release|Any CPU
		{0042883C-F71A-4BDD-BC55-A83418E800B4}.Debug|Any CPU.ActiveCfg = Debug|Any CPU
		{0042883C-F71A-4BDD-BC55-A83418E800B4}.Debug|Any CPU.Build.0 = Debug|Any CPU
		{0042883C-F71A-4BDD-BC55-A83418E800B4}.Release|Any CPU.ActiveCfg = Release|Any CPU
		{0042883C-F71A-4BDD-BC55-A83418E800B4}.Release|Any CPU.Build.0 = Release|Any CPU
		{CCC531D0-BBC2-4D39-80A7-C9DA1535AA93}.Debug|Any CPU.ActiveCfg = Debug|Any CPU
		{CCC531D0-BBC2-4D39-80A7-C9DA1535AA93}.Debug|Any CPU.Build.0 = Debug|Any CPU
		{CCC531D0-BBC2-4D39-80A7-C9DA1535AA93}.Debug|Any CPU.Deploy.0 = Debug|Any CPU
		{CCC531D0-BBC2-4D39-80A7-C9DA1535AA93}.Release|Any CPU.ActiveCfg = Release|Any CPU
		{CCC531D0-BBC2-4D39-80A7-C9DA1535AA93}.Release|Any CPU.Build.0 = Release|Any CPU
		{1C9F0AE5-FF8F-4825-A060-12148C0E07F9}.Debug|Any CPU.ActiveCfg = Debug|Any CPU
		{1C9F0AE5-FF8F-4825-A060-12148C0E07F9}.Debug|Any CPU.Build.0 = Debug|Any CPU
		{1C9F0AE5-FF8F-4825-A060-12148C0E07F9}.Release|Any CPU.ActiveCfg = Release|Any CPU
		{1C9F0AE5-FF8F-4825-A060-12148C0E07F9}.Release|Any CPU.Build.0 = Release|Any CPU
		{3F51C1A3-41AB-47B3-ACBA-BE5F19853570}.Debug|Any CPU.ActiveCfg = Debug|Any CPU
		{3F51C1A3-41AB-47B3-ACBA-BE5F19853570}.Debug|Any CPU.Build.0 = Debug|Any CPU
		{3F51C1A3-41AB-47B3-ACBA-BE5F19853570}.Release|Any CPU.ActiveCfg = Release|Any CPU
		{3F51C1A3-41AB-47B3-ACBA-BE5F19853570}.Release|Any CPU.Build.0 = Release|Any CPU
		{36153C91-6D1F-4B60-95A3-605AA3004269}.Debug|Any CPU.ActiveCfg = Debug|Any CPU
		{36153C91-6D1F-4B60-95A3-605AA3004269}.Debug|Any CPU.Build.0 = Debug|Any CPU
		{36153C91-6D1F-4B60-95A3-605AA3004269}.Release|Any CPU.ActiveCfg = Release|Any CPU
		{36153C91-6D1F-4B60-95A3-605AA3004269}.Release|Any CPU.Build.0 = Release|Any CPU
	EndGlobalSection
	GlobalSection(SolutionProperties) = preSolution
		HideSolutionNode = FALSE
	EndGlobalSection
	GlobalSection(NestedProjects) = preSolution
		{7FAE3C3D-539B-4EC4-8374-147438096BBC} = {58790B6B-5FD3-4BB4-ABC9-69F4895736B2}
		{502F8596-E0FE-4C0C-A001-873F6028B0BC} = {58790B6B-5FD3-4BB4-ABC9-69F4895736B2}
		{535DBA66-0878-425C-865E-A2942178E003} = {58790B6B-5FD3-4BB4-ABC9-69F4895736B2}
		{0042883C-F71A-4BDD-BC55-A83418E800B4} = {6C71BCA2-3741-4717-B11B-0ECFF6BCC1DC}
		{CCC531D0-BBC2-4D39-80A7-C9DA1535AA93} = {58790B6B-5FD3-4BB4-ABC9-69F4895736B2}
		{1C9F0AE5-FF8F-4825-A060-12148C0E07F9} = {58790B6B-5FD3-4BB4-ABC9-69F4895736B2}
		{3F51C1A3-41AB-47B3-ACBA-BE5F19853570} = {58790B6B-5FD3-4BB4-ABC9-69F4895736B2}
		{36153C91-6D1F-4B60-95A3-605AA3004269} = {58790B6B-5FD3-4BB4-ABC9-69F4895736B2}
	EndGlobalSection
	GlobalSection(ExtensibilityGlobals) = postSolution
		SolutionGuid = {687EB930-78BD-416F-9539-556E77164B81}
	EndGlobalSection
EndGlobal
